
Microsoft Visual Studio Solution File, Format Version 12.00
# Visual Studio Version 16
VisualStudioVersion = 16.0.30011.22
MinimumVisualStudioVersion = 10.0.40219.1
Project("{FAE04EC0-301F-11D3-BF4B-00C04F79EFBC}") = "MultiCurrencyPocket.Data", "MultiCurrencyPocket.Data\MultiCurrencyPocket.Data.csproj", "{F95D248B-E082-4C85-ADE4-FD0C848C691E}"
EndProject
Project("{FAE04EC0-301F-11D3-BF4B-00C04F79EFBC}") = "MultiCurrencyPocket.Services", "MultiCurrencyPocket.Services\MultiCurrencyPocket.Services.csproj", "{BB803FF3-F79E-4C9B-8887-A76232F20CCA}"
EndProject
Project("{FAE04EC0-301F-11D3-BF4B-00C04F79EFBC}") = "MultiCurrencyPocket.WebApi", "MultiCurrencyPocket.WebApi\MultiCurrencyPocket.WebApi.csproj", "{526A41E0-D2C1-473D-9DBA-BFD2F7370DB8}"
EndProject
Global
	GlobalSection(SolutionConfigurationPlatforms) = preSolution
		Debug|Any CPU = Debug|Any CPU
		Release|Any CPU = Release|Any CPU
	EndGlobalSection
	GlobalSection(ProjectConfigurationPlatforms) = postSolution
		{F95D248B-E082-4C85-ADE4-FD0C848C691E}.Debug|Any CPU.ActiveCfg = Debug|Any CPU
		{F95D248B-E082-4C85-ADE4-FD0C848C691E}.Debug|Any CPU.Build.0 = Debug|Any CPU
		{F95D248B-E082-4C85-ADE4-FD0C848C691E}.Release|Any CPU.ActiveCfg = Release|Any CPU
		{F95D248B-E082-4C85-ADE4-FD0C848C691E}.Release|Any CPU.Build.0 = Release|Any CPU
		{BB803FF3-F79E-4C9B-8887-A76232F20CCA}.Debug|Any CPU.ActiveCfg = Debug|Any CPU
		{BB803FF3-F79E-4C9B-8887-A76232F20CCA}.Debug|Any CPU.Build.0 = Debug|Any CPU
		{BB803FF3-F79E-4C9B-8887-A76232F20CCA}.Release|Any CPU.ActiveCfg = Release|Any CPU
		{BB803FF3-F79E-4C9B-8887-A76232F20CCA}.Release|Any CPU.Build.0 = Release|Any CPU
		{526A41E0-D2C1-473D-9DBA-BFD2F7370DB8}.Debug|Any CPU.ActiveCfg = Debug|Any CPU
		{526A41E0-D2C1-473D-9DBA-BFD2F7370DB8}.Debug|Any CPU.Build.0 = Debug|Any CPU
		{526A41E0-D2C1-473D-9DBA-BFD2F7370DB8}.Release|Any CPU.ActiveCfg = Release|Any CPU
		{526A41E0-D2C1-473D-9DBA-BFD2F7370DB8}.Release|Any CPU.Build.0 = Release|Any CPU
	EndGlobalSection
	GlobalSection(SolutionProperties) = preSolution
		HideSolutionNode = FALSE
	EndGlobalSection
	GlobalSection(ExtensibilityGlobals) = postSolution
		SolutionGuid = {7DADEAC6-6A13-4535-9D59-BBE73D6C176B}
	EndGlobalSection
EndGlobal
